// !$*UTF8*$!
{
	archiveVersion = 1;
	classes = {
	};
	objectVersion = 46;
	objects = {

/* Begin PBXBuildFile section */
		EE01669E17C3207700D2299C /* Action.m in Sources */ = {isa = PBXBuildFile; fileRef = EE01669D17C3207700D2299C /* Action.m */; };
		EE24031E17C316EE00BEA58D /* UIKit.framework in Frameworks */ = {isa = PBXBuildFile; fileRef = EE24031D17C316EE00BEA58D /* UIKit.framework */; };
		EE24032017C316EE00BEA58D /* Foundation.framework in Frameworks */ = {isa = PBXBuildFile; fileRef = EE24031F17C316EE00BEA58D /* Foundation.framework */; };
		EE24032217C316EE00BEA58D /* CoreGraphics.framework in Frameworks */ = {isa = PBXBuildFile; fileRef = EE24032117C316EE00BEA58D /* CoreGraphics.framework */; };
		EE24032817C316EF00BEA58D /* InfoPlist.strings in Resources */ = {isa = PBXBuildFile; fileRef = EE24032617C316EF00BEA58D /* InfoPlist.strings */; };
		EE24032A17C316EF00BEA58D /* main.m in Sources */ = {isa = PBXBuildFile; fileRef = EE24032917C316EF00BEA58D /* main.m */; };
		EE24032E17C316EF00BEA58D /* AppDelegate.m in Sources */ = {isa = PBXBuildFile; fileRef = EE24032D17C316EF00BEA58D /* AppDelegate.m */; };
		EE24033017C316EF00BEA58D /* Default.png in Resources */ = {isa = PBXBuildFile; fileRef = EE24032F17C316EF00BEA58D /* Default.png */; };
		EE24033217C316EF00BEA58D /* Default@2x.png in Resources */ = {isa = PBXBuildFile; fileRef = EE24033117C316EF00BEA58D /* Default@2x.png */; };
		EE24033417C316EF00BEA58D /* Default-568h@2x.png in Resources */ = {isa = PBXBuildFile; fileRef = EE24033317C316EF00BEA58D /* Default-568h@2x.png */; };
		EE24033717C316EF00BEA58D /* ViewController.m in Sources */ = {isa = PBXBuildFile; fileRef = EE24033617C316EF00BEA58D /* ViewController.m */; };
		EE24033A17C316EF00BEA58D /* ViewController_iPhone.xib in Resources */ = {isa = PBXBuildFile; fileRef = EE24033817C316EF00BEA58D /* ViewController_iPhone.xib */; };
		EE24033D17C316EF00BEA58D /* ViewController_iPad.xib in Resources */ = {isa = PBXBuildFile; fileRef = EE24033B17C316EF00BEA58D /* ViewController_iPad.xib */; };
		EE24034617C3172000BEA58D /* SKLauncher.m in Sources */ = {isa = PBXBuildFile; fileRef = EE24034517C3172000BEA58D /* SKLauncher.m */; };
		EEF8DE6117C350C00093E62D /* UISwitchManager.m in Sources */ = {isa = PBXBuildFile; fileRef = EEF8DE6017C350C00093E62D /* UISwitchManager.m */; };
		EEF8DE6417C363690093E62D /* SKUIViewControllerExt.m in Sources */ = {isa = PBXBuildFile; fileRef = EEF8DE6317C363690093E62D /* SKUIViewControllerExt.m */; };
/* End PBXBuildFile section */

/* Begin PBXFileReference section */
		EE01669C17C3207700D2299C /* Action.h */ = {isa = PBXFileReference; fileEncoding = 4; lastKnownFileType = sourcecode.c.h; path = Action.h; sourceTree = "<group>"; };
		EE01669D17C3207700D2299C /* Action.m */ = {isa = PBXFileReference; fileEncoding = 4; lastKnownFileType = sourcecode.c.objc; path = Action.m; sourceTree = "<group>"; };
		EE24031A17C316EE00BEA58D /* RefactorSKLauncher.app */ = {isa = PBXFileReference; explicitFileType = wrapper.application; includeInIndex = 0; path = RefactorSKLauncher.app; sourceTree = BUILT_PRODUCTS_DIR; };
		EE24031D17C316EE00BEA58D /* UIKit.framework */ = {isa = PBXFileReference; lastKnownFileType = wrapper.framework; name = UIKit.framework; path = System/Library/Frameworks/UIKit.framework; sourceTree = SDKROOT; };
		EE24031F17C316EE00BEA58D /* Foundation.framework */ = {isa = PBXFileReference; lastKnownFileType = wrapper.framework; name = Foundation.framework; path = System/Library/Frameworks/Foundation.framework; sourceTree = SDKROOT; };
		EE24032117C316EE00BEA58D /* CoreGraphics.framework */ = {isa = PBXFileReference; lastKnownFileType = wrapper.framework; name = CoreGraphics.framework; path = System/Library/Frameworks/CoreGraphics.framework; sourceTree = SDKROOT; };
		EE24032517C316EE00BEA58D /* RefactorSKLauncher-Info.plist */ = {isa = PBXFileReference; lastKnownFileType = text.plist.xml; path = "RefactorSKLauncher-Info.plist"; sourceTree = "<group>"; };
		EE24032717C316EF00BEA58D /* en */ = {isa = PBXFileReference; lastKnownFileType = text.plist.strings; name = en; path = en.lproj/InfoPlist.strings; sourceTree = "<group>"; };
		EE24032917C316EF00BEA58D /* main.m */ = {isa = PBXFileReference; lastKnownFileType = sourcecode.c.objc; path = main.m; sourceTree = "<group>"; };
		EE24032B17C316EF00BEA58D /* RefactorSKLauncher-Prefix.pch */ = {isa = PBXFileReference; lastKnownFileType = sourcecode.c.h; path = "RefactorSKLauncher-Prefix.pch"; sourceTree = "<group>"; };
		EE24032C17C316EF00BEA58D /* AppDelegate.h */ = {isa = PBXFileReference; lastKnownFileType = sourcecode.c.h; path = AppDelegate.h; sourceTree = "<group>"; };
		EE24032D17C316EF00BEA58D /* AppDelegate.m */ = {isa = PBXFileReference; lastKnownFileType = sourcecode.c.objc; path = AppDelegate.m; sourceTree = "<group>"; };
		EE24032F17C316EF00BEA58D /* Default.png */ = {isa = PBXFileReference; lastKnownFileType = image.png; path = Default.png; sourceTree = "<group>"; };
		EE24033117C316EF00BEA58D /* Default@2x.png */ = {isa = PBXFileReference; lastKnownFileType = image.png; path = "Default@2x.png"; sourceTree = "<group>"; };
		EE24033317C316EF00BEA58D /* Default-568h@2x.png */ = {isa = PBXFileReference; lastKnownFileType = image.png; path = "Default-568h@2x.png"; sourceTree = "<group>"; };
		EE24033517C316EF00BEA58D /* ViewController.h */ = {isa = PBXFileReference; lastKnownFileType = sourcecode.c.h; path = ViewController.h; sourceTree = "<group>"; };
		EE24033617C316EF00BEA58D /* ViewController.m */ = {isa = PBXFileReference; lastKnownFileType = sourcecode.c.objc; path = ViewController.m; sourceTree = "<group>"; };
		EE24033917C316EF00BEA58D /* en */ = {isa = PBXFileReference; lastKnownFileType = file.xib; name = en; path = en.lproj/ViewController_iPhone.xib; sourceTree = "<group>"; };
		EE24033C17C316EF00BEA58D /* en */ = {isa = PBXFileReference; lastKnownFileType = file.xib; name = en; path = en.lproj/ViewController_iPad.xib; sourceTree = "<group>"; };
		EE24034417C3172000BEA58D /* SKLauncher.h */ = {isa = PBXFileReference; fileEncoding = 4; lastKnownFileType = sourcecode.c.h; path = SKLauncher.h; sourceTree = "<group>"; };
		EE24034517C3172000BEA58D /* SKLauncher.m */ = {isa = PBXFileReference; fileEncoding = 4; lastKnownFileType = sourcecode.c.objc; path = SKLauncher.m; sourceTree = "<group>"; };
		EEF8DE5E17C342F90093E62D /* Launchable.h */ = {isa = PBXFileReference; fileEncoding = 4; lastKnownFileType = sourcecode.c.h; path = Launchable.h; sourceTree = "<group>"; };
		EEF8DE5F17C350C00093E62D /* UISwitchManager.h */ = {isa = PBXFileReference; fileEncoding = 4; lastKnownFileType = sourcecode.c.h; path = UISwitchManager.h; sourceTree = "<group>"; };
		EEF8DE6017C350C00093E62D /* UISwitchManager.m */ = {isa = PBXFileReference; fileEncoding = 4; lastKnownFileType = sourcecode.c.objc; path = UISwitchManager.m; sourceTree = "<group>"; };
		EEF8DE6217C363690093E62D /* SKUIViewControllerExt.h */ = {isa = PBXFileReference; fileEncoding = 4; lastKnownFileType = sourcecode.c.h; path = SKUIViewControllerExt.h; sourceTree = "<group>"; };
		EEF8DE6317C363690093E62D /* SKUIViewControllerExt.m */ = {isa = PBXFileReference; fileEncoding = 4; lastKnownFileType = sourcecode.c.objc; path = SKUIViewControllerExt.m; sourceTree = "<group>"; };
/* End PBXFileReference section */

/* Begin PBXFrameworksBuildPhase section */
		EE24031717C316EE00BEA58D /* Frameworks */ = {
			isa = PBXFrameworksBuildPhase;
			buildActionMask = 2147483647;
			files = (
				EE24031E17C316EE00BEA58D /* UIKit.framework in Frameworks */,
				EE24032017C316EE00BEA58D /* Foundation.framework in Frameworks */,
				EE24032217C316EE00BEA58D /* CoreGraphics.framework in Frameworks */,
			);
			runOnlyForDeploymentPostprocessing = 0;
		};
/* End PBXFrameworksBuildPhase section */

/* Begin PBXGroup section */
		EE24031117C316EE00BEA58D = {
			isa = PBXGroup;
			children = (
				EE24034317C3170000BEA58D /* SKLauncher */,
				EE24032317C316EE00BEA58D /* RefactorSKLauncher */,
				EE24031C17C316EE00BEA58D /* Frameworks */,
				EE24031B17C316EE00BEA58D /* Products */,
			);
			sourceTree = "<group>";
		};
		EE24031B17C316EE00BEA58D /* Products */ = {
			isa = PBXGroup;
			children = (
				EE24031A17C316EE00BEA58D /* RefactorSKLauncher.app */,
			);
			name = Products;
			sourceTree = "<group>";
		};
		EE24031C17C316EE00BEA58D /* Frameworks */ = {
			isa = PBXGroup;
			children = (
				EE24031D17C316EE00BEA58D /* UIKit.framework */,
				EE24031F17C316EE00BEA58D /* Foundation.framework */,
				EE24032117C316EE00BEA58D /* CoreGraphics.framework */,
			);
			name = Frameworks;
			sourceTree = "<group>";
		};
		EE24032317C316EE00BEA58D /* RefactorSKLauncher */ = {
			isa = PBXGroup;
			children = (
				EE24032C17C316EF00BEA58D /* AppDelegate.h */,
				EE24032D17C316EF00BEA58D /* AppDelegate.m */,
				EE24033517C316EF00BEA58D /* ViewController.h */,
				EE24033617C316EF00BEA58D /* ViewController.m */,
				EE24033817C316EF00BEA58D /* ViewController_iPhone.xib */,
				EE24033B17C316EF00BEA58D /* ViewController_iPad.xib */,
				EE24032417C316EE00BEA58D /* Supporting Files */,
			);
			path = RefactorSKLauncher;
			sourceTree = "<group>";
		};
		EE24032417C316EE00BEA58D /* Supporting Files */ = {
			isa = PBXGroup;
			children = (
				EE24032517C316EE00BEA58D /* RefactorSKLauncher-Info.plist */,
				EE24032617C316EF00BEA58D /* InfoPlist.strings */,
				EE24032917C316EF00BEA58D /* main.m */,
				EE24032B17C316EF00BEA58D /* RefactorSKLauncher-Prefix.pch */,
				EE24032F17C316EF00BEA58D /* Default.png */,
				EE24033117C316EF00BEA58D /* Default@2x.png */,
				EE24033317C316EF00BEA58D /* Default-568h@2x.png */,
			);
			name = "Supporting Files";
			sourceTree = "<group>";
		};
		EE24034317C3170000BEA58D /* SKLauncher */ = {
			isa = PBXGroup;
			children = (
				EEF8DE6217C363690093E62D /* SKUIViewControllerExt.h */,
				EEF8DE6317C363690093E62D /* SKUIViewControllerExt.m */,
				EEF8DE5E17C342F90093E62D /* Launchable.h */,
				EE24034417C3172000BEA58D /* SKLauncher.h */,
				EE24034517C3172000BEA58D /* SKLauncher.m */,
				EE01669C17C3207700D2299C /* Action.h */,
				EE01669D17C3207700D2299C /* Action.m */,
				EEF8DE5F17C350C00093E62D /* UISwitchManager.h */,
				EEF8DE6017C350C00093E62D /* UISwitchManager.m */,
			);
			name = SKLauncher;
			sourceTree = "<group>";
		};
/* End PBXGroup section */

/* Begin PBXNativeTarget section */
		EE24031917C316EE00BEA58D /* RefactorSKLauncher */ = {
			isa = PBXNativeTarget;
			buildConfigurationList = EE24034017C316EF00BEA58D /* Build configuration list for PBXNativeTarget "RefactorSKLauncher" */;
			buildPhases = (
				EE24031617C316EE00BEA58D /* Sources */,
				EE24031717C316EE00BEA58D /* Frameworks */,
				EE24031817C316EE00BEA58D /* Resources */,
			);
			buildRules = (
			);
			dependencies = (
			);
			name = RefactorSKLauncher;
			productName = RefactorSKLauncher;
			productReference = EE24031A17C316EE00BEA58D /* RefactorSKLauncher.app */;
			productType = "com.apple.product-type.application";
		};
/* End PBXNativeTarget section */

/* Begin PBXProject section */
		EE24031217C316EE00BEA58D /* Project object */ = {
			isa = PBXProject;
			attributes = {
				LastUpgradeCheck = 0460;
				ORGANIZATIONNAME = dj;
			};
			buildConfigurationList = EE24031517C316EE00BEA58D /* Build configuration list for PBXProject "RefactorSKLauncher" */;
			compatibilityVersion = "Xcode 3.2";
			developmentRegion = English;
			hasScannedForEncodings = 0;
			knownRegions = (
				en,
			);
			mainGroup = EE24031117C316EE00BEA58D;
			productRefGroup = EE24031B17C316EE00BEA58D /* Products */;
			projectDirPath = "";
			projectRoot = "";
			targets = (
				EE24031917C316EE00BEA58D /* RefactorSKLauncher */,
			);
		};
/* End PBXProject section */

/* Begin PBXResourcesBuildPhase section */
		EE24031817C316EE00BEA58D /* Resources */ = {
			isa = PBXResourcesBuildPhase;
			buildActionMask = 2147483647;
			files = (
				EE24032817C316EF00BEA58D /* InfoPlist.strings in Resources */,
				EE24033017C316EF00BEA58D /* Default.png in Resources */,
				EE24033217C316EF00BEA58D /* Default@2x.png in Resources */,
				EE24033417C316EF00BEA58D /* Default-568h@2x.png in Resources */,
				EE24033A17C316EF00BEA58D /* ViewController_iPhone.xib in Resources */,
				EE24033D17C316EF00BEA58D /* ViewController_iPad.xib in Resources */,
			);
			runOnlyForDeploymentPostprocessing = 0;
		};
/* End PBXResourcesBuildPhase section */

/* Begin PBXSourcesBuildPhase section */
		EE24031617C316EE00BEA58D /* Sources */ = {
			isa = PBXSourcesBuildPhase;
			buildActionMask = 2147483647;
			files = (
				EE24032A17C316EF00BEA58D /* main.m in Sources */,
				EE24032E17C316EF00BEA58D /* AppDelegate.m in Sources */,
				EE01669E17C3207700D2299C /* Action.m in Sources */,
				EE24033717C316EF00BEA58D /* ViewController.m in Sources */,
				EE24034617C3172000BEA58D /* SKLauncher.m in Sources */,
				EEF8DE6117C350C00093E62D /* UISwitchManager.m in Sources */,
				EEF8DE6417C363690093E62D /* SKUIViewControllerExt.m in Sources */,
			);
			runOnlyForDeploymentPostprocessing = 0;
		};
/* End PBXSourcesBuildPhase section */

/* Begin PBXVariantGroup section */
		EE24032617C316EF00BEA58D /* InfoPlist.strings */ = {
			isa = PBXVariantGroup;
			children = (
				EE24032717C316EF00BEA58D /* en */,
			);
			name = InfoPlist.strings;
			sourceTree = "<group>";
		};
		EE24033817C316EF00BEA58D /* ViewController_iPhone.xib */ = {
			isa = PBXVariantGroup;
			children = (
				EE24033917C316EF00BEA58D /* en */,
			);
			name = ViewController_iPhone.xib;
			sourceTree = "<group>";
		};
		EE24033B17C316EF00BEA58D /* ViewController_iPad.xib */ = {
			isa = PBXVariantGroup;
			children = (
				EE24033C17C316EF00BEA58D /* en */,
			);
			name = ViewController_iPad.xib;
			sourceTree = "<group>";
		};
/* End PBXVariantGroup section */

/* Begin XCBuildConfiguration section */
		EE24033E17C316EF00BEA58D /* Debug */ = {
			isa = XCBuildConfiguration;
			buildSettings = {
				ALWAYS_SEARCH_USER_PATHS = NO;
				CLANG_CXX_LANGUAGE_STANDARD = "gnu++0x";
				CLANG_CXX_LIBRARY = "libc++";
				CLANG_ENABLE_OBJC_ARC = YES;
				CLANG_WARN_CONSTANT_CONVERSION = YES;
				CLANG_WARN_EMPTY_BODY = YES;
				CLANG_WARN_ENUM_CONVERSION = YES;
				CLANG_WARN_INT_CONVERSION = YES;
				CLANG_WARN__DUPLICATE_METHOD_MATCH = YES;
				"CODE_SIGN_IDENTITY[sdk=iphoneos*]" = "iPhone Developer";
				COPY_PHASE_STRIP = NO;
				GCC_C_LANGUAGE_STANDARD = gnu99;
				GCC_DYNAMIC_NO_PIC = NO;
				GCC_OPTIMIZATION_LEVEL = 0;
				GCC_PREPROCESSOR_DEFINITIONS = (
					"DEBUG=1",
					"$(inherited)",
				);
				GCC_SYMBOLS_PRIVATE_EXTERN = NO;
				GCC_WARN_ABOUT_RETURN_TYPE = YES;
				GCC_WARN_UNINITIALIZED_AUTOS = YES;
				GCC_WARN_UNUSED_VARIABLE = YES;
				IPHONEOS_DEPLOYMENT_TARGET = 6.1;
				ONLY_ACTIVE_ARCH = YES;
				SDKROOT = iphoneos;
				TARGETED_DEVICE_FAMILY = "1,2";
			};
			name = Debug;
		};
		EE24033F17C316EF00BEA58D /* Release */ = {
			isa = XCBuildConfiguration;
			buildSettings = {
				ALWAYS_SEARCH_USER_PATHS = NO;
				CLANG_CXX_LANGUAGE_STANDARD = "gnu++0x";
				CLANG_CXX_LIBRARY = "libc++";
				CLANG_ENABLE_OBJC_ARC = YES;
				CLANG_WARN_CONSTANT_CONVERSION = YES;
				CLANG_WARN_EMPTY_BODY = YES;
				CLANG_WARN_ENUM_CONVERSION = YES;
				CLANG_WARN_INT_CONVERSION = YES;
				CLANG_WARN__DUPLICATE_METHOD_MATCH = YES;
				"CODE_SIGN_IDENTITY[sdk=iphoneos*]" = "iPhone Developer";
				COPY_PHASE_STRIP = YES;
				GCC_C_LANGUAGE_STANDARD = gnu99;
				GCC_WARN_ABOUT_RETURN_TYPE = YES;
				GCC_WARN_UNINITIALIZED_AUTOS = YES;
				GCC_WARN_UNUSED_VARIABLE = YES;
				IPHONEOS_DEPLOYMENT_TARGET = 6.1;
				OTHER_CFLAGS = "-DNS_BLOCK_ASSERTIONS=1";
				SDKROOT = iphoneos;
				TARGETED_DEVICE_FAMILY = "1,2";
				VALIDATE_PRODUCT = YES;
			};
			name = Release;
		};
		EE24034117C316EF00BEA58D /* Debug */ = {
			isa = XCBuildConfiguration;
			buildSettings = {
				GCC_PRECOMPILE_PREFIX_HEADER = YES;
				GCC_PREFIX_HEADER = "RefactorSKLauncher/RefactorSKLauncher-Prefix.pch";
				INFOPLIST_FILE = "RefactorSKLauncher/RefactorSKLauncher-Info.plist";
				PRODUCT_NAME = "$(TARGET_NAME)";
				WRAPPER_EXTENSION = app;
			};
			name = Debug;
		};
		EE24034217C316EF00BEA58D /* Release */ = {
			isa = XCBuildConfiguration;
			buildSettings = {
				GCC_PRECOMPILE_PREFIX_HEADER = YES;
				GCC_PREFIX_HEADER = "RefactorSKLauncher/RefactorSKLauncher-Prefix.pch";
				INFOPLIST_FILE = "RefactorSKLauncher/RefactorSKLauncher-Info.plist";
				PRODUCT_NAME = "$(TARGET_NAME)";
				WRAPPER_EXTENSION = app;
			};
			name = Release;
		};
/* End XCBuildConfiguration section */

/* Begin XCConfigurationList section */
		EE24031517C316EE00BEA58D /* Build configuration list for PBXProject "RefactorSKLauncher" */ = {
			isa = XCConfigurationList;
			buildConfigurations = (
				EE24033E17C316EF00BEA58D /* Debug */,
				EE24033F17C316EF00BEA58D /* Release */,
			);
			defaultConfigurationIsVisible = 0;
			defaultConfigurationName = Release;
		};
		EE24034017C316EF00BEA58D /* Build configuration list for PBXNativeTarget "RefactorSKLauncher" */ = {
			isa = XCConfigurationList;
			buildConfigurations = (
				EE24034117C316EF00BEA58D /* Debug */,
				EE24034217C316EF00BEA58D /* Release */,
			);
			defaultConfigurationIsVisible = 0;
			defaultConfigurationName = Release;
		};
/* End XCConfigurationList section */
	};
	rootObject = EE24031217C316EE00BEA58D /* Project object */;
}
